
Microsoft Visual Studio Solution File, Format Version 12.00
# Visual Studio 15
VisualStudioVersion = 15.0.28307.329
MinimumVisualStudioVersion = 10.0.40219.1
Project("{FAE04EC0-301F-11D3-BF4B-00C04F79EFBC}") = "Assignment5", "Assignment5.csproj", "{DC09B707-F688-40E2-9B45-91B89219D5FA}"
EndProject
Global
	GlobalSection(SolutionConfigurationPlatforms) = preSolution
		Debug|Any CPU = Debug|Any CPU
		Release|Any CPU = Release|Any CPU
	EndGlobalSection
	GlobalSection(ProjectConfigurationPlatforms) = postSolution
		{DC09B707-F688-40E2-9B45-91B89219D5FA}.Debug|Any CPU.ActiveCfg = Debug|Any CPU
		{DC09B707-F688-40E2-9B45-91B89219D5FA}.Debug|Any CPU.Build.0 = Debug|Any CPU
		{DC09B707-F688-40E2-9B45-91B89219D5FA}.Release|Any CPU.ActiveCfg = Release|Any CPU
		{DC09B707-F688-40E2-9B45-91B89219D5FA}.Release|Any CPU.Build.0 = Release|Any CPU
	EndGlobalSection
	GlobalSection(SolutionProperties) = preSolution
		HideSolutionNode = FALSE
	EndGlobalSection
	GlobalSection(ExtensibilityGlobals) = postSolution
		SolutionGuid = {B9647D93-16A5-4CC8-8399-3C5E8749871F}
	EndGlobalSection
EndGlobal
